
Microsoft Visual Studio Solution File, Format Version 12.00
# Visual Studio 15
VisualStudioVersion = 15.0.28307.1169
MinimumVisualStudioVersion = 10.0.40219.1
Project("{F184B08F-C81C-45F6-A57F-5ABD9991F28F}") = "MyFormsHugeProgressJobVB", "WindowsApp1\MyFormsHugeProgressJobVB.vbproj", "{0005F075-3F93-49F9-BF53-84C010BF3271}"
EndProject
Global
	GlobalSection(SolutionConfigurationPlatforms) = preSolution
		Debug|Any CPU = Debug|Any CPU
		Release|Any CPU = Release|Any CPU
	EndGlobalSection
	GlobalSection(ProjectConfigurationPlatforms) = postSolution
		{0005F075-3F93-49F9-BF53-84C010BF3271}.Debug|Any CPU.ActiveCfg = Debug|Any CPU
		{0005F075-3F93-49F9-BF53-84C010BF3271}.Debug|Any CPU.Build.0 = Debug|Any CPU
		{0005F075-3F93-49F9-BF53-84C010BF3271}.Release|Any CPU.ActiveCfg = Release|Any CPU
		{0005F075-3F93-49F9-BF53-84C010BF3271}.Release|Any CPU.Build.0 = Release|Any CPU
	EndGlobalSection
	GlobalSection(SolutionProperties) = preSolution
		HideSolutionNode = FALSE
	EndGlobalSection
	GlobalSection(ExtensibilityGlobals) = postSolution
		SolutionGuid = {4098495A-8F40-4626-9864-A382943D2812}
	EndGlobalSection
EndGlobal
